{
  "requires": true,
  "lockfileVersion": 1,
  "dependencies": {
    "add-dom-event-listener": {
      "version": "1.0.2",
      "resolved": "http://registry.npm.taobao.org/add-dom-event-listener/download/add-dom-event-listener-1.0.2.tgz",
      "integrity": "sha1-j67SxBAIchzxEdodMNmVuFvkK+0=",
      "requires": {
        "object-assign": "4.1.1"
      }
    },
    "antd-mobile": {
      "version": "1.6.11",
      "resolved": "http://registry.npm.taobao.org/antd-mobile/download/antd-mobile-1.6.11.tgz",
      "integrity": "sha1-8C2xxf6eleg3vBhKYDcr8girL1k=",
      "requires": {
        "array-tree-filter": "1.0.1",
        "babel-runtime": "6.26.0",
        "classnames": "2.2.5",
        "create-react-class": "15.6.2",
        "moment": "2.18.1",
        "normalize.css": "7.0.0",
        "omit.js": "1.0.0",
        "prop-types": "15.6.0",
        "rc-checkbox": "2.0.3",
        "rc-collapse": "1.7.6",
        "rc-dialog": "6.5.11",
        "rc-drawer": "0.4.11",
        "rc-input-number": "3.6.7",
        "rc-notification": "2.0.6",
        "rc-slider": "8.2.0",
        "rc-steps": "2.5.2",
        "rc-swipeout": "1.4.7",
        "rc-table": "5.4.2",
        "rc-tabs": "9.1.4",
        "rc-tooltip": "3.4.9",
        "rc-touchable": "1.2.3",
        "react-native-camera-roll-picker": "1.2.2",
        "react-native-collapsible": "0.8.1",
        "react-native-drawer-layout": "1.3.2",
        "react-native-menu": "0.21.0",
        "react-native-scrollable-tab-view": "0.7.4",
        "rmc-cascader": "4.3.5",
        "rmc-date-picker": "5.5.0",
        "rmc-list-view": "0.8.13",
        "rmc-nuka-carousel": "2.2.1",
        "rmc-picker": "4.0.4",
        "rn-topview": "0.1.6",
        "warning": "3.0.0"
      }
    },
    "array-tree-filter": {
      "version": "1.0.1",
      "resolved": "http://registry.npm.taobao.org/array-tree-filter/download/array-tree-filter-1.0.1.tgz",
      "integrity": "sha1-CorR7v04zoiFhjL5zAQj12NOTV0="
    },
    "asap": {
      "version": "2.0.6",
      "resolved": "http://registry.npm.taobao.org/asap/download/asap-2.0.6.tgz",
      "integrity": "sha1-5QNHYR1+aQlDIIu9r+vLwvuGbUY="
    },
    "babel-runtime": {
      "version": "6.26.0",
      "resolved": "http://registry.npm.taobao.org/babel-runtime/download/babel-runtime-6.26.0.tgz",
      "integrity": "sha1-llxwWGaOgrVde/4E/yM3vItWR/4=",
      "requires": {
        "core-js": "2.5.1",
        "regenerator-runtime": "0.11.0"
      }
    },
    "classnames": {
      "version": "2.2.5",
      "resolved": "http://registry.npm.taobao.org/classnames/download/classnames-2.2.5.tgz",
      "integrity": "sha1-+zgB1FNGdknvNgPH1hoCvRKb3m0="
    },
    "component-classes": {
      "version": "1.2.6",
      "resolved": "http://registry.npm.taobao.org/component-classes/download/component-classes-1.2.6.tgz",
      "integrity": "sha1-xkI5TDYYpNiwuJGe/Mu9kw5c1pE=",
      "requires": {
        "component-indexof": "0.0.3"
      }
    },
    "component-indexof": {
      "version": "0.0.3",
      "resolved": "http://registry.npm.taobao.org/component-indexof/download/component-indexof-0.0.3.tgz",
      "integrity": "sha1-EdCRMSI5648yyPJa6csAL/6NPCQ="
    },
    "core-js": {
      "version": "2.5.1",
      "resolved": "http://registry.npm.taobao.org/core-js/download/core-js-2.5.1.tgz",
      "integrity": "sha1-rmh03GaTd4m4B1T/VCjfZoGcpQs="
    },
    "create-react-class": {
      "version": "15.6.2",
      "resolved": "http://registry.npm.taobao.org/create-react-class/download/create-react-class-15.6.2.tgz",
      "integrity": "sha1-zx7RXxKq1/FO9fLf4F5sQvke8Co=",
      "requires": {
        "fbjs": "0.8.16",
        "loose-envify": "1.3.1",
        "object-assign": "4.1.1"
      }
    },
    "css-animation": {
      "version": "1.4.1",
      "resolved": "http://registry.npm.taobao.org/css-animation/download/css-animation-1.4.1.tgz",
      "integrity": "sha1-W4gTEl3g+7uwu+G0cq6EIhRpt6g=",
      "requires": {
        "babel-runtime": "6.26.0",
        "component-classes": "1.2.6"
      }
    },
    "dom-align": {
      "version": "1.6.5",
      "resolved": "http://registry.npm.taobao.org/dom-align/download/dom-align-1.6.5.tgz",
      "integrity": "sha1-SIkO43Vj3UPTtYC3XPt5pqyPoAQ="
    },
    "encoding": {
      "version": "0.1.12",
      "resolved": "http://registry.npm.taobao.org/encoding/download/encoding-0.1.12.tgz",
      "integrity": "sha1-U4tm8+5izRq1HsMjgp0flIDHS+s=",
      "requires": {
        "iconv-lite": "0.4.19"
      }
    },
    "exenv": {
      "version": "1.2.2",
      "resolved": "http://registry.npm.taobao.org/exenv/download/exenv-1.2.2.tgz",
      "integrity": "sha1-KueOhdmJQVhnCwPUe+wfA72Ru50="
    },
    "fbjs": {
      "version": "0.8.16",
      "resolved": "http://registry.npm.taobao.org/fbjs/download/fbjs-0.8.16.tgz",
      "integrity": "sha1-XmdDL1UNxBtXK/VYR7ispk5TN9s=",
      "requires": {
        "core-js": "1.2.7",
        "isomorphic-fetch": "2.2.1",
        "loose-envify": "1.3.1",
        "object-assign": "4.1.1",
        "promise": "7.3.1",
        "setimmediate": "1.0.5",
        "ua-parser-js": "0.7.14"
      },
      "dependencies": {
        "core-js": {
          "version": "1.2.7",
          "resolved": "http://registry.npm.taobao.org/core-js/download/core-js-1.2.7.tgz",
          "integrity": "sha1-ZSKUwUZR2yj6k70tX/KYOk8IxjY="
        }
      }
    },
    "hammerjs": {
      "version": "2.0.8",
      "resolved": "http://registry.npm.taobao.org/hammerjs/download/hammerjs-2.0.8.tgz",
      "integrity": "sha1-BO93hiz/K7edMPdpIJWTAiK/YPE="
    },
    "iconv-lite": {
      "version": "0.4.19",
      "resolved": "http://registry.npm.taobao.org/iconv-lite/download/iconv-lite-0.4.19.tgz",
      "integrity": "sha1-90aPYBNfXl2tM5nAqBvpoWA6CCs="
    },
    "is-stream": {
      "version": "1.1.0",
      "resolved": "http://registry.npm.taobao.org/is-stream/download/is-stream-1.1.0.tgz",
      "integrity": "sha1-EtSj3U5o4Lec6428hBc66A2RykQ="
    },
    "isomorphic-fetch": {
      "version": "2.2.1",
      "resolved": "http://registry.npm.taobao.org/isomorphic-fetch/download/isomorphic-fetch-2.2.1.tgz",
      "integrity": "sha1-YRrhrPFPXoH3KVB0coGf6XM1WKk=",
      "requires": {
        "node-fetch": "1.7.3",
        "whatwg-fetch": "2.0.3"
      }
    },
    "js-tokens": {
      "version": "3.0.2",
      "resolved": "http://registry.npm.taobao.org/js-tokens/download/js-tokens-3.0.2.tgz",
      "integrity": "sha1-mGbfOVECEw449/mWvOtlRDIJwls="
    },
    "kw-react-tween-state": {
      "version": "0.1.5",
      "resolved": "http://registry.npm.taobao.org/kw-react-tween-state/download/kw-react-tween-state-0.1.5.tgz",
      "integrity": "sha1-dECImI018UzMLKNq+WvAns56t4s=",
      "requires": {
        "raf": "3.3.2",
        "tween-functions": "1.2.0"
      }
    },
    "lodash._getnative": {
      "version": "3.9.1",
      "resolved": "http://registry.npm.taobao.org/lodash._getnative/download/lodash._getnative-3.9.1.tgz",
      "integrity": "sha1-VwvH3t5G1hzc3mh9ZdPuy6o6r/U="
    },
    "lodash.debounce": {
      "version": "4.0.8",
      "resolved": "http://registry.npm.taobao.org/lodash.debounce/download/lodash.debounce-4.0.8.tgz",
      "integrity": "sha1-gteb/zCmfEAF/9XiUVMArZyk168="
    },
    "lodash.get": {
      "version": "4.4.2",
      "resolved": "http://registry.npm.taobao.org/lodash.get/download/lodash.get-4.4.2.tgz",
      "integrity": "sha1-LRd/ZS+jHpObRDjVNBSZ36OCXpk="
    },
    "lodash.isarguments": {
      "version": "3.1.0",
      "resolved": "http://registry.npm.taobao.org/lodash.isarguments/download/lodash.isarguments-3.1.0.tgz",
      "integrity": "sha1-L1c9hcaiQon/AGY7SRwdM4/zRYo="
    },
    "lodash.isarray": {
      "version": "3.0.4",
      "resolved": "http://registry.npm.taobao.org/lodash.isarray/download/lodash.isarray-3.0.4.tgz",
      "integrity": "sha1-eeTriMNqgSKvhvhEqpvNhRtfu1U="
    },
    "lodash.keys": {
      "version": "3.1.2",
      "resolved": "http://registry.npm.taobao.org/lodash.keys/download/lodash.keys-3.1.2.tgz",
      "integrity": "sha1-TbwEcrFWvlCgsoaFXRvQsMZWCYo=",
      "requires": {
        "lodash._getnative": "3.9.1",
        "lodash.isarguments": "3.1.0",
        "lodash.isarray": "3.0.4"
      }
    },
    "loose-envify": {
      "version": "1.3.1",
      "resolved": "http://registry.npm.taobao.org/loose-envify/download/loose-envify-1.3.1.tgz",
      "integrity": "sha1-0aitM/qc4OcT1l/dCsi3SNR4yEg=",
      "requires": {
        "js-tokens": "3.0.2"
      }
    },
    "moment": {
      "version": "2.18.1",
      "resolved": "http://registry.npm.taobao.org/moment/download/moment-2.18.1.tgz",
      "integrity": "sha1-w2GT3Tzhwu7SrbfIAtu8d6gbHA8="
    },
    "node-fetch": {
      "version": "1.7.3",
      "resolved": "http://registry.npm.taobao.org/node-fetch/download/node-fetch-1.7.3.tgz",
      "integrity": "sha1-mA9vcthSEaU0fGsrwYxbhMPrR+8=",
      "requires": {
        "encoding": "0.1.12",
        "is-stream": "1.1.0"
      }
    },
    "normalize.css": {
      "version": "7.0.0",
      "resolved": "http://registry.npm.taobao.org/normalize.css/download/normalize.css-7.0.0.tgz",
      "integrity": "sha1-q/sd2CRwZ04DIrU86xqvQSk45L8="
    },
    "object-assign": {
      "version": "4.1.1",
      "resolved": "http://registry.npm.taobao.org/object-assign/download/object-assign-4.1.1.tgz",
      "integrity": "sha1-IQmtx5ZYh8/AXLvUQsrIv7s2CGM="
    },
    "omit.js": {
      "version": "1.0.0",
      "resolved": "http://registry.npm.taobao.org/omit.js/download/omit.js-1.0.0.tgz",
      "integrity": "sha1-4BPLhqdRe5z298+w3bQpclapkog=",
      "requires": {
        "babel-runtime": "6.26.0"
      }
    },
    "performance-now": {
      "version": "2.1.0",
      "resolved": "http://registry.npm.taobao.org/performance-now/download/performance-now-2.1.0.tgz",
      "integrity": "sha1-Ywn04OX6kT7BxpMHrjZLSzd8nns="
    },
    "promise": {
      "version": "7.3.1",
      "resolved": "http://registry.npm.taobao.org/promise/download/promise-7.3.1.tgz",
      "integrity": "sha1-BktyYCsY+Q8pGSuLG8QY/9Hr078=",
      "requires": {
        "asap": "2.0.6"
      }
    },
    "prop-types": {
      "version": "15.6.0",
      "resolved": "http://registry.npm.taobao.org/prop-types/download/prop-types-15.6.0.tgz",
      "integrity": "sha1-zq8IMCL8RrSjX2nhPvda7Q1jmFY=",
      "requires": {
        "fbjs": "0.8.16",
        "loose-envify": "1.3.1",
        "object-assign": "4.1.1"
      }
    },
    "raf": {
      "version": "3.3.2",
      "resolved": "http://registry.npm.taobao.org/raf/download/raf-3.3.2.tgz",
      "integrity": "sha1-DBO+C1tJtG921maSSNUnzysC/ic=",
      "requires": {
        "performance-now": "2.1.0"
      }
    },
    "rc-align": {
      "version": "2.3.4",
      "resolved": "http://registry.npm.taobao.org/rc-align/download/rc-align-2.3.4.tgz",
      "integrity": "sha1-2Dvat1YPAULnKj3h1JXatroiUkk=",
      "requires": {
        "dom-align": "1.6.5",
        "prop-types": "15.6.0",
        "rc-util": "4.1.0"
      }
    },
    "rc-animate": {
      "version": "2.4.1",
      "resolved": "http://registry.npm.taobao.org/rc-animate/download/rc-animate-2.4.1.tgz",
      "integrity": "sha1-3z4PVv4Qav5L9S/0CM7SQcUXiRk=",
      "requires": {
        "babel-runtime": "6.26.0",
        "css-animation": "1.4.1",
        "prop-types": "15.6.0"
      }
    },
    "rc-checkbox": {
      "version": "2.0.3",
      "resolved": "http://registry.npm.taobao.org/rc-checkbox/download/rc-checkbox-2.0.3.tgz",
      "integrity": "sha1-Q2qdUIlI4iSYDwU16nOLSBd6jyU=",
      "requires": {
        "babel-runtime": "6.26.0",
        "classnames": "2.2.5",
        "prop-types": "15.6.0",
        "rc-util": "4.1.0"
      }
    },
    "rc-collapse": {
      "version": "1.7.6",
      "resolved": "http://registry.npm.taobao.org/rc-collapse/download/rc-collapse-1.7.6.tgz",
      "integrity": "sha1-ZEM1Etkh91DfYUM+Z1u5VHul72s=",
      "requires": {
        "classnames": "2.2.5",
        "css-animation": "1.4.1",
        "prop-types": "15.6.0",
        "rc-animate": "2.4.1"
      }
    },
    "rc-dialog": {
      "version": "6.5.11",
      "resolved": "http://registry.npm.taobao.org/rc-dialog/download/rc-dialog-6.5.11.tgz",
      "integrity": "sha1-pu9NgaeAGlTpkjJzxgXdUh1/sUI=",
      "requires": {
        "babel-runtime": "6.26.0",
        "create-react-class": "15.6.2",
        "object-assign": "4.1.1",
        "rc-animate": "2.4.1",
        "rc-util": "4.1.0"
      }
    },
    "rc-drawer": {
      "version": "0.4.11",
      "resolved": "http://registry.npm.taobao.org/rc-drawer/download/rc-drawer-0.4.11.tgz",
      "integrity": "sha1-lPquwoGDq5DxNfDf4kTcoUz+55k=",
      "requires": {
        "babel-runtime": "6.26.0",
        "classnames": "2.2.5",
        "prop-types": "15.6.0"
      }
    },
    "rc-hammerjs": {
      "version": "0.6.9",
      "resolved": "http://registry.npm.taobao.org/rc-hammerjs/download/rc-hammerjs-0.6.9.tgz",
      "integrity": "sha1-mk3b2hsuyPm5WWCRpqmJhCokOQc=",
      "requires": {
        "babel-runtime": "6.26.0",
        "hammerjs": "2.0.8",
        "prop-types": "15.6.0"
      }
    },
    "rc-input-number": {
      "version": "3.6.7",
      "resolved": "http://registry.npm.taobao.org/rc-input-number/download/rc-input-number-3.6.7.tgz",
      "integrity": "sha1-09qQZdmdcy5PYJajer17RjOqw1o=",
      "requires": {
        "babel-runtime": "6.26.0",
        "classnames": "2.2.5",
        "create-react-class": "15.6.2",
        "prop-types": "15.6.0",
        "rc-touchable": "1.2.3"
      }
    },
    "rc-notification": {
      "version": "2.0.6",
      "resolved": "http://registry.npm.taobao.org/rc-notification/download/rc-notification-2.0.6.tgz",
      "integrity": "sha1-dvP3HZQjv0YDoC16oMSwlKRrjGc=",
      "requires": {
        "babel-runtime": "6.26.0",
        "classnames": "2.2.5",
        "prop-types": "15.6.0",
        "rc-animate": "2.4.1",
        "rc-util": "4.1.0"
      }
    },
    "rc-slider": {
      "version": "8.2.0",
      "resolved": "http://registry.npm.taobao.org/rc-slider/download/rc-slider-8.2.0.tgz",
      "integrity": "sha1-rjfRcUTK1g4dpurA7k/8/qCwpug=",
      "requires": {
        "babel-runtime": "6.26.0",
        "classnames": "2.2.5",
        "prop-types": "15.6.0",
        "rc-tooltip": "3.4.9",
        "rc-util": "4.1.0",
        "shallowequal": "1.0.2",
        "warning": "3.0.0"
      },
      "dependencies": {
        "shallowequal": {
          "version": "1.0.2",
          "resolved": "http://registry.npm.taobao.org/shallowequal/download/shallowequal-1.0.2.tgz",
          "integrity": "sha1-FWHb3vuMAUCBADGQhXZNo/z4P48="
        }
      }
    },
    "rc-steps": {
      "version": "2.5.2",
      "resolved": "http://registry.npm.taobao.org/rc-steps/download/rc-steps-2.5.2.tgz",
      "integrity": "sha1-L/LgM0i6jMQRTwVo5CCt1u4nP64=",
      "requires": {
        "classnames": "2.2.5",
        "lodash.debounce": "4.0.8",
        "prop-types": "15.6.0"
      }
    },
    "rc-swipeout": {
      "version": "1.4.7",
      "resolved": "http://registry.npm.taobao.org/rc-swipeout/download/rc-swipeout-1.4.7.tgz",
      "integrity": "sha1-8zL2+J8s6S9/h+gcpLpi/RF9ghs=",
      "requires": {
        "babel-runtime": "6.26.0",
        "classnames": "2.2.5",
        "omit.js": "1.0.0",
        "rc-hammerjs": "0.6.9",
        "react-native-swipeout": "2.1.5"
      }
    },
    "rc-table": {
      "version": "5.4.2",
      "resolved": "http://registry.npm.taobao.org/rc-table/download/rc-table-5.4.2.tgz",
      "integrity": "sha1-t8Ls/u6WK+3AuDAA41EsAk8uBOs=",
      "requires": {
        "babel-runtime": "6.26.0",
        "component-classes": "1.2.6",
        "lodash.get": "4.4.2",
        "prop-types": "15.6.0",
        "rc-util": "4.1.0",
        "shallowequal": "0.2.2",
        "warning": "3.0.0"
      }
    },
    "rc-tabs": {
      "version": "9.1.4",
      "resolved": "http://registry.npm.taobao.org/rc-tabs/download/rc-tabs-9.1.4.tgz",
      "integrity": "sha1-/yemRK3p0OWoyPWlYe42Smr4xaM=",
      "requires": {
        "babel-runtime": "6.26.0",
        "classnames": "2.2.5",
        "create-react-class": "15.6.2",
        "lodash.debounce": "4.0.8",
        "prop-types": "15.6.0",
        "rc-hammerjs": "0.6.9",
        "rc-util": "4.1.0",
        "warning": "3.0.0"
      }
    },
    "rc-tooltip": {
      "version": "3.4.9",
      "resolved": "http://registry.npm.taobao.org/rc-tooltip/download/rc-tooltip-3.4.9.tgz",
      "integrity": "sha1-b5nsu+OSWBBEf+DOgabtT3IdqMU=",
      "requires": {
        "babel-runtime": "6.26.0",
        "prop-types": "15.6.0",
        "rc-trigger": "1.11.4"
      }
    },
    "rc-touchable": {
      "version": "1.2.3",
      "resolved": "http://registry.npm.taobao.org/rc-touchable/download/rc-touchable-1.2.3.tgz",
      "integrity": "sha1-X0mDJOPQubpgGpxINJWOqixxNhg=",
      "requires": {
        "babel-runtime": "6.26.0"
      }
    },
    "rc-trigger": {
      "version": "1.11.4",
      "resolved": "http://registry.npm.taobao.org/rc-trigger/download/rc-trigger-1.11.4.tgz",
      "integrity": "sha1-oxAy8NfOeahT8ZMpb/watPndfjo=",
      "requires": {
        "babel-runtime": "6.26.0",
        "create-react-class": "15.6.2",
        "prop-types": "15.6.0",
        "rc-align": "2.3.4",
        "rc-animate": "2.4.1",
        "rc-util": "4.1.0"
      }
    },
    "rc-util": {
      "version": "4.1.0",
      "resolved": "http://registry.npm.taobao.org/rc-util/download/rc-util-4.1.0.tgz",
      "integrity": "sha1-PwASQJvdkcrxa6yUKPQcoS49nJs=",
      "requires": {
        "add-dom-event-listener": "1.0.2",
        "babel-runtime": "6.26.0",
        "prop-types": "15.6.0",
        "shallowequal": "0.2.2"
      }
    },
    "react-native-camera-roll-picker": {
      "version": "1.2.2",
      "resolved": "http://registry.npm.taobao.org/react-native-camera-roll-picker/download/react-native-camera-roll-picker-1.2.2.tgz",
      "integrity": "sha1-oC9VqeIvre0EWAtVibE2IwUZjRQ="
    },
    "react-native-collapsible": {
      "version": "0.8.1",
      "resolved": "http://registry.npm.taobao.org/react-native-collapsible/download/react-native-collapsible-0.8.1.tgz",
      "integrity": "sha1-r14CDgsGFa0y8w9iYq4gCKSlbjo=",
      "requires": {
        "prop-types": "15.6.0"
      }
    },
    "react-native-dismiss-keyboard": {
      "version": "1.0.0",
      "resolved": "http://registry.npm.taobao.org/react-native-dismiss-keyboard/download/react-native-dismiss-keyboard-1.0.0.tgz",
      "integrity": "sha1-MohiQrPyMX4SHzrrmwpYXiuHm0k="
    },
    "react-native-drawer-layout": {
      "version": "1.3.2",
      "resolved": "http://registry.npm.taobao.org/react-native-drawer-layout/download/react-native-drawer-layout-1.3.2.tgz",
      "integrity": "sha1-uXQNdmOh3E+IphucbZPS2UjqQm4=",
      "requires": {
        "react-native-dismiss-keyboard": "1.0.0"
      }
    },
    "react-native-menu": {
      "version": "0.21.0",
      "resolved": "http://registry.npm.taobao.org/react-native-menu/download/react-native-menu-0.21.0.tgz",
      "integrity": "sha1-68ZHhi64DtAOIok5e/i2NLCbHos=",
      "requires": {
        "react-timer-mixin": "0.13.3"
      }
    },
    "react-native-scrollable-tab-view": {
      "version": "0.7.4",
      "resolved": "http://registry.npm.taobao.org/react-native-scrollable-tab-view/download/react-native-scrollable-tab-view-0.7.4.tgz",
      "integrity": "sha1-YjoEfL+rNaJ7hokJWvUk6arHS2I=",
      "requires": {
        "react-static-container": "1.0.1",
        "react-timer-mixin": "0.13.3"
      }
    },
    "react-native-swipeout": {
      "version": "2.1.5",
      "resolved": "http://registry.npm.taobao.org/react-native-swipeout/download/react-native-swipeout-2.1.5.tgz",
      "integrity": "sha1-6zp6w8+UGEQbhKOm+nqmS3AVmKQ=",
      "requires": {
        "react-tween-state": "0.1.5"
      }
    },
    "react-static-container": {
      "version": "1.0.1",
      "resolved": "http://registry.npm.taobao.org/react-static-container/download/react-static-container-1.0.1.tgz",
      "integrity": "sha1-aUwN1oqJa4eVGa+1SDmcwZicmrA="
    },
    "react-sticky": {
      "version": "5.0.8",
      "resolved": "http://registry.npm.taobao.org/react-sticky/download/react-sticky-5.0.8.tgz",
      "integrity": "sha1-1fhflpd/QQCB15KrgYhsYixdixQ=",
      "requires": {
        "prop-types": "15.6.0"
      }
    },
    "react-timer-mixin": {
      "version": "0.13.3",
      "resolved": "http://registry.npm.taobao.org/react-timer-mixin/download/react-timer-mixin-0.13.3.tgz",
      "integrity": "sha1-Dai5+AfsB9w+hU0ILHN8ZWBbPSI="
    },
    "react-tween-state": {
      "version": "0.1.5",
      "resolved": "http://registry.npm.taobao.org/react-tween-state/download/react-tween-state-0.1.5.tgz",
      "integrity": "sha1-6YsGZVHvuTy5LdG+FJlcLj3q4zk=",
      "requires": {
        "raf": "3.3.2",
        "tween-functions": "1.2.0"
      }
    },
    "regenerator-runtime": {
      "version": "0.11.0",
      "resolved": "http://registry.npm.taobao.org/regenerator-runtime/download/regenerator-runtime-0.11.0.tgz",
      "integrity": "sha1-flT+W1zNXWYk6mJVw0c74JC4AuE="
    },
    "rmc-cascader": {
      "version": "4.3.5",
      "resolved": "http://registry.npm.taobao.org/rmc-cascader/download/rmc-cascader-4.3.5.tgz",
      "integrity": "sha1-FEe43z0Qd03kSUo0Wd6qFwt42YA=",
      "requires": {
        "array-tree-filter": "1.0.1",
        "babel-runtime": "6.26.0",
        "rmc-picker": "4.0.4"
      }
    },
    "rmc-date-picker": {
      "version": "5.5.0",
      "resolved": "http://registry.npm.taobao.org/rmc-date-picker/download/rmc-date-picker-5.5.0.tgz",
      "integrity": "sha1-ANFjF+67o2jIFST8sj2eBax33Yk=",
      "requires": {
        "babel-runtime": "6.26.0",
        "moment": "2.18.1",
        "rmc-picker": "4.0.4"
      }
    },
    "rmc-list-view": {
      "version": "0.8.13",
      "resolved": "http://registry.npm.taobao.org/rmc-list-view/download/rmc-list-view-0.8.13.tgz",
      "integrity": "sha1-+sXhVJHcz5jyQqmPB+relEAKhpo=",
      "requires": {
        "babel-runtime": "6.26.0",
        "classnames": "2.2.5",
        "fbjs": "0.8.16",
        "prop-types": "15.6.0",
        "react-sticky": "5.0.8",
        "warning": "3.0.0",
        "zscroller": "0.3.1"
      }
    },
    "rmc-nuka-carousel": {
      "version": "2.2.1",
      "resolved": "http://registry.npm.taobao.org/rmc-nuka-carousel/download/rmc-nuka-carousel-2.2.1.tgz",
      "integrity": "sha1-xCOBk6KYvhKKLxPstcJv13rQDM0=",
      "requires": {
        "create-react-class": "15.6.2",
        "exenv": "1.2.2",
        "kw-react-tween-state": "0.1.5",
        "object-assign": "4.1.1"
      }
    },
    "rmc-picker": {
      "version": "4.0.4",
      "resolved": "http://registry.npm.taobao.org/rmc-picker/download/rmc-picker-4.0.4.tgz",
      "integrity": "sha1-13Yn+YvgSXsCKSUxQ0TyYvXOgAg=",
      "requires": {
        "babel-runtime": "6.26.0",
        "classnames": "2.2.5",
        "create-react-class": "15.6.2",
        "rc-dialog": "6.5.11",
        "rc-touchable": "1.2.3",
        "zscroller": "0.3.1"
      }
    },
    "rn-topview": {
      "version": "0.1.6",
      "resolved": "http://registry.npm.taobao.org/rn-topview/download/rn-topview-0.1.6.tgz",
      "integrity": "sha1-sbEhbK9zD4VHzSPJuRitAohFSxE="
    },
    "setimmediate": {
      "version": "1.0.5",
      "resolved": "http://registry.npm.taobao.org/setimmediate/download/setimmediate-1.0.5.tgz",
      "integrity": "sha1-KQy7Iy4waULX1+qbg3Mqt4VvgoU="
    },
    "shallowequal": {
      "version": "0.2.2",
      "resolved": "http://registry.npm.taobao.org/shallowequal/download/shallowequal-0.2.2.tgz",
      "integrity": "sha1-HjL9W8q2rWiKSBLLDMBO/HXHAU4=",
      "requires": {
        "lodash.keys": "3.1.2"
      }
    },
    "tween-functions": {
      "version": "1.2.0",
      "resolved": "http://registry.npm.taobao.org/tween-functions/download/tween-functions-1.2.0.tgz",
      "integrity": "sha1-GuOlDnxguz3vd06scHrLynO7w/8="
    },
    "ua-parser-js": {
      "version": "0.7.14",
      "resolved": "http://registry.npm.taobao.org/ua-parser-js/download/ua-parser-js-0.7.14.tgz",
      "integrity": "sha1-EQ1T+kw/MmwSEpK76skE0uAzh8o="
    },
    "warning": {
      "version": "3.0.0",
      "resolved": "http://registry.npm.taobao.org/warning/download/warning-3.0.0.tgz",
      "integrity": "sha1-MuU3fLVy3kqwR1O9+IIcAe1gW3w=",
      "requires": {
        "loose-envify": "1.3.1"
      }
    },
    "whatwg-fetch": {
      "version": "2.0.3",
      "resolved": "http://registry.npm.taobao.org/whatwg-fetch/download/whatwg-fetch-2.0.3.tgz",
      "integrity": "sha1-nITsLc9oGH/wC8ZOEnS0QhduHIQ="
    },
    "zscroller": {
      "version": "0.3.1",
      "resolved": "http://registry.npm.taobao.org/zscroller/download/zscroller-0.3.1.tgz",
      "integrity": "sha1-3vTQQDeN5Cl/080xFpEZ5lNj3Pc=",
      "requires": {
        "babel-runtime": "6.26.0",
        "raf": "3.3.2"
      }
    }
  }
}
